// !$*UTF8*$!
{
	archiveVersion = 1;
	classes = {
	};
	objectVersion = 46;
	objects = {

/* Begin PBXBuildFile section */
		41EB06BF1DA3C0C400C57009 /* AppDelegate.swift in Sources */ = {isa = PBXBuildFile; fileRef = 41EB06BE1DA3C0C400C57009 /* AppDelegate.swift */; };
		41EB06C11DA3C0C400C57009 /* ViewController.swift in Sources */ = {isa = PBXBuildFile; fileRef = 41EB06C01DA3C0C400C57009 /* ViewController.swift */; };
		41EB06C31DA3C0C400C57009 /* Assets.xcassets in Resources */ = {isa = PBXBuildFile; fileRef = 41EB06C21DA3C0C400C57009 /* Assets.xcassets */; };
		41EB06C61DA3C0C400C57009 /* Main.storyboard in Resources */ = {isa = PBXBuildFile; fileRef = 41EB06C41DA3C0C400C57009 /* Main.storyboard */; };
/* End PBXBuildFile section */

/* Begin PBXFileReference section */
		41EB06BB1DA3C0C400C57009 /* test-12.app */ = {isa = PBXFileReference; explicitFileType = wrapper.application; includeInIndex = 0; path = "test-12.app"; sourceTree = BUILT_PRODUCTS_DIR; };
		41EB06BE1DA3C0C400C57009 /* AppDelegate.swift */ = {isa = PBXFileReference; lastKnownFileType = sourcecode.swift; path = AppDelegate.swift; sourceTree = "<group>"; };
		41EB06C01DA3C0C400C57009 /* ViewController.swift */ = {isa = PBXFileReference; lastKnownFileType = sourcecode.swift; path = ViewController.swift; sourceTree = "<group>"; };
		41EB06C21DA3C0C400C57009 /* Assets.xcassets */ = {isa = PBXFileReference; lastKnownFileType = folder.assetcatalog; path = Assets.xcassets; sourceTree = "<group>"; };
		41EB06C51DA3C0C400C57009 /* Base */ = {isa = PBXFileReference; lastKnownFileType = file.storyboard; name = Base; path = Base.lproj/Main.storyboard; sourceTree = "<group>"; };
		41EB06C71DA3C0C400C57009 /* Info.plist */ = {isa = PBXFileReference; lastKnownFileType = text.plist.xml; path = Info.plist; sourceTree = "<group>"; };
/* End PBXFileReference section */

/* Begin PBXFrameworksBuildPhase section */
		41EB06B81DA3C0C400C57009 /* Frameworks */ = {
			isa = PBXFrameworksBuildPhase;
			buildActionMask = 2147483647;
			files = (
			);
			runOnlyForDeploymentPostprocessing = 0;
		};
/* End PBXFrameworksBuildPhase section */

/* Begin PBXGroup section */
		41EB06B21DA3C0C400C57009 = {
			isa = PBXGroup;
			children = (
				41EB06BD1DA3C0C400C57009 /* test-12 */,
				41EB06BC1DA3C0C400C57009 /* Products */,
			);
			sourceTree = "<group>";
		};
		41EB06BC1DA3C0C400C57009 /* Products */ = {
			isa = PBXGroup;
			children = (
				41EB06BB1DA3C0C400C57009 /* test-12.app */,
			);
			name = Products;
			sourceTree = "<group>";
		};
		41EB06BD1DA3C0C400C57009 /* test-12 */ = {
			isa = PBXGroup;
			children = (
				41EB06BE1DA3C0C400C57009 /* AppDelegate.swift */,
				41EB06C01DA3C0C400C57009 /* ViewController.swift */,
				41EB06C21DA3C0C400C57009 /* Assets.xcassets */,
				41EB06C41DA3C0C400C57009 /* Main.storyboard */,
				41EB06C71DA3C0C400C57009 /* Info.plist */,
			);
			path = "test-12";
			sourceTree = "<group>";
		};
/* End PBXGroup section */

/* Begin PBXNativeTarget section */
		41EB06BA1DA3C0C400C57009 /* test-12 */ = {
			isa = PBXNativeTarget;
			buildConfigurationList = 41EB06CA1DA3C0C400C57009 /* Build configuration list for PBXNativeTarget "test-12" */;
			buildPhases = (
				41EB06B71DA3C0C400C57009 /* Sources */,
				41EB06B81DA3C0C400C57009 /* Frameworks */,
				41EB06B91DA3C0C400C57009 /* Resources */,
			);
			buildRules = (
			);
			dependencies = (
			);
			name = "test-12";
			productName = "test-12";
			productReference = 41EB06BB1DA3C0C400C57009 /* test-12.app */;
			productType = "com.apple.product-type.application";
		};
/* End PBXNativeTarget section */

/* Begin PBXProject section */
		41EB06B31DA3C0C400C57009 /* Project object */ = {
			isa = PBXProject;
			attributes = {
				LastSwiftUpdateCheck = 0800;
				LastUpgradeCheck = 0800;
				ORGANIZATIONNAME = "SEQUEL TECH";
				TargetAttributes = {
					41EB06BA1DA3C0C400C57009 = {
						CreatedOnToolsVersion = 8.0;
						DevelopmentTeam = 7E84DF9M6L;
						ProvisioningStyle = Automatic;
					};
				};
			};
			buildConfigurationList = 41EB06B61DA3C0C400C57009 /* Build configuration list for PBXProject "test-12" */;
			compatibilityVersion = "Xcode 3.2";
			developmentRegion = English;
			hasScannedForEncodings = 0;
			knownRegions = (
				en,
				Base,
			);
			mainGroup = 41EB06B21DA3C0C400C57009;
			productRefGroup = 41EB06BC1DA3C0C400C57009 /* Products */;
			projectDirPath = "";
			projectRoot = "";
			targets = (
				41EB06BA1DA3C0C400C57009 /* test-12 */,
			);
		};
/* End PBXProject section */

/* Begin PBXResourcesBuildPhase section */
		41EB06B91DA3C0C400C57009 /* Resources */ = {
			isa = PBXResourcesBuildPhase;
			buildActionMask = 2147483647;
			files = (
				41EB06C31DA3C0C400C57009 /* Assets.xcassets in Resources */,
				41EB06C61DA3C0C400C57009 /* Main.storyboard in Resources */,
			);
			runOnlyForDeploymentPostprocessing = 0;
		};
/* End PBXResourcesBuildPhase section */

/* Begin PBXSourcesBuildPhase section */
		41EB06B71DA3C0C400C57009 /* Sources */ = {
			isa = PBXSourcesBuildPhase;
			buildActionMask = 2147483647;
			files = (
				41EB06C11DA3C0C400C57009 /* ViewController.swift in Sources */,
				41EB06BF1DA3C0C400C57009 /* AppDelegate.swift in Sources */,
			);
			runOnlyForDeploymentPostprocessing = 0;
		};
/* End PBXSourcesBuildPhase section */

/* Begin PBXVariantGroup section */
		41EB06C41DA3C0C400C57009 /* Main.storyboard */ = {
			isa = PBXVariantGroup;
			children = (
				41EB06C51DA3C0C400C57009 /* Base */,
			);
			name = Main.storyboard;
			sourceTree = "<group>";
		};
/* End PBXVariantGroup section */

/* Begin XCBuildConfiguration section */
		41EB06C81DA3C0C400C57009 /* Debug */ = {
			isa = XCBuildConfiguration;
			buildSettings = {
				ALWAYS_SEARCH_USER_PATHS = NO;
				CLANG_ANALYZER_NONNULL = YES;
				CLANG_CXX_LANGUAGE_STANDARD = "gnu++0x";
				CLANG_CXX_LIBRARY = "libc++";
				CLANG_ENABLE_MODULES = YES;
				CLANG_ENABLE_OBJC_ARC = YES;
				CLANG_WARN_BOOL_CONVERSION = YES;
				CLANG_WARN_CONSTANT_CONVERSION = YES;
				CLANG_WARN_DIRECT_OBJC_ISA_USAGE = YES_ERROR;
				CLANG_WARN_DOCUMENTATION_COMMENTS = YES;
				CLANG_WARN_EMPTY_BODY = YES;
				CLANG_WARN_ENUM_CONVERSION = YES;
				CLANG_WARN_INFINITE_RECURSION = YES;
				CLANG_WARN_INT_CONVERSION = YES;
				CLANG_WARN_OBJC_ROOT_CLASS = YES_ERROR;
				CLANG_WARN_SUSPICIOUS_MOVES = YES;
				CLANG_WARN_UNREACHABLE_CODE = YES;
				CLANG_WARN__DUPLICATE_METHOD_MATCH = YES;
				CODE_SIGN_IDENTITY = "-";
				COPY_PHASE_STRIP = NO;
				DEBUG_INFORMATION_FORMAT = dwarf;
				ENABLE_STRICT_OBJC_MSGSEND = YES;
				ENABLE_TESTABILITY = YES;
				GCC_C_LANGUAGE_STANDARD = gnu99;
				GCC_DYNAMIC_NO_PIC = NO;
				GCC_NO_COMMON_BLOCKS = YES;
				GCC_OPTIMIZATION_LEVEL = 0;
				GCC_PREPROCESSOR_DEFINITIONS = (
					"DEBUG=1",
					"$(inherited)",
				);
				GCC_WARN_64_TO_32_BIT_CONVERSION = YES;
				GCC_WARN_ABOUT_RETURN_TYPE = YES_ERROR;
				GCC_WARN_UNDECLARED_SELECTOR = YES;
				GCC_WARN_UNINITIALIZED_AUTOS = YES_AGGRESSIVE;
				GCC_WARN_UNUSED_FUNCTION = YES;
				GCC_WARN_UNUSED_VARIABLE = YES;
				MACOSX_DEPLOYMENT_TARGET = 10.12;
				MTL_ENABLE_DEBUG_INFO = YES;
				ONLY_ACTIVE_ARCH = YES;
				SDKROOT = macosx;
				SWIFT_ACTIVE_COMPILATION_CONDITIONS = DEBUG;
				SWIFT_OPTIMIZATION_LEVEL = "-Onone";
			};
			name = Debug;
		};
		41EB06C91DA3C0C400C57009 /* Release */ = {
			isa = XCBuildConfiguration;
			buildSettings = {
				ALWAYS_SEARCH_USER_PATHS = NO;
				CLANG_ANALYZER_NONNULL = YES;
				CLANG_CXX_LANGUAGE_STANDARD = "gnu++0x";
				CLANG_CXX_LIBRARY = "libc++";
				CLANG_ENABLE_MODULES = YES;
				CLANG_ENABLE_OBJC_ARC = YES;
				CLANG_WARN_BOOL_CONVERSION = YES;
				CLANG_WARN_CONSTANT_CONVERSION = YES;
				CLANG_WARN_DIRECT_OBJC_ISA_USAGE = YES_ERROR;
				CLANG_WARN_DOCUMENTATION_COMMENTS = YES;
				CLANG_WARN_EMPTY_BODY = YES;
				CLANG_WARN_ENUM_CONVERSION = YES;
				CLANG_WARN_INFINITE_RECURSION = YES;
				CLANG_WARN_INT_CONVERSION = YES;
				CLANG_WARN_OBJC_ROOT_CLASS = YES_ERROR;
				CLANG_WARN_SUSPICIOUS_MOVES = YES;
				CLANG_WARN_UNREACHABLE_CODE = YES;
				CLANG_WARN__DUPLICATE_METHOD_MATCH = YES;
				CODE_SIGN_IDENTITY = "-";
				COPY_PHASE_STRIP = NO;
				DEBUG_INFORMATION_FORMAT = "dwarf-with-dsym";
				ENABLE_NS_ASSERTIONS = NO;
				ENABLE_STRICT_OBJC_MSGSEND = YES;
				GCC_C_LANGUAGE_STANDARD = gnu99;
				GCC_NO_COMMON_BLOCKS = YES;
				GCC_WARN_64_TO_32_BIT_CONVERSION = YES;
				GCC_WARN_ABOUT_RETURN_TYPE = YES_ERROR;
				GCC_WARN_UNDECLARED_SELECTOR = YES;
				GCC_WARN_UNINITIALIZED_AUTOS = YES_AGGRESSIVE;
				GCC_WARN_UNUSED_FUNCTION = YES;
				GCC_WARN_UNUSED_VARIABLE = YES;
				MACOSX_DEPLOYMENT_TARGET = 10.12;
				MTL_ENABLE_DEBUG_INFO = NO;
				SDKROOT = macosx;
				SWIFT_OPTIMIZATION_LEVEL = "-Owholemodule";
			};
			name = Release;
		};
		41EB06CB1DA3C0C400C57009 /* Debug */ = {
			isa = XCBuildConfiguration;
			buildSettings = {
				ASSETCATALOG_COMPILER_APPICON_NAME = AppIcon;
				COMBINE_HIDPI_IMAGES = YES;
				DEVELOPMENT_TEAM = 7E84DF9M6L;
				INFOPLIST_FILE = "test-12/Info.plist";
				LD_RUNPATH_SEARCH_PATHS = "$(inherited) @executable_path/../Frameworks";
				PRODUCT_BUNDLE_IDENTIFIER = "com.sequel.postgresql.test-12";
				PRODUCT_NAME = "$(TARGET_NAME)";
				SWIFT_VERSION = 3.0;
			};
			name = Debug;
		};
		41EB06CC1DA3C0C400C57009 /* Release */ = {
			isa = XCBuildConfiguration;
			buildSettings = {
				ASSETCATALOG_COMPILER_APPICON_NAME = AppIcon;
				COMBINE_HIDPI_IMAGES = YES;
				DEVELOPMENT_TEAM = 7E84DF9M6L;
				INFOPLIST_FILE = "test-12/Info.plist";
				LD_RUNPATH_SEARCH_PATHS = "$(inherited) @executable_path/../Frameworks";
				PRODUCT_BUNDLE_IDENTIFIER = "com.sequel.postgresql.test-12";
				PRODUCT_NAME = "$(TARGET_NAME)";
				SWIFT_VERSION = 3.0;
			};
			name = Release;
		};
/* End XCBuildConfiguration section */

/* Begin XCConfigurationList section */
		41EB06B61DA3C0C400C57009 /* Build configuration list for PBXProject "test-12" */ = {
			isa = XCConfigurationList;
			buildConfigurations = (
				41EB06C81DA3C0C400C57009 /* Debug */,
				41EB06C91DA3C0C400C57009 /* Release */,
			);
			defaultConfigurationIsVisible = 0;
			defaultConfigurationName = Release;
		};
		41EB06CA1DA3C0C400C57009 /* Build configuration list for PBXNativeTarget "test-12" */ = {
			isa = XCConfigurationList;
			buildConfigurations = (
				41EB06CB1DA3C0C400C57009 /* Debug */,
				41EB06CC1DA3C0C400C57009 /* Release */,
			);
			defaultConfigurationIsVisible = 0;
		};
/* End XCConfigurationList section */
	};
	rootObject = 41EB06B31DA3C0C400C57009 /* Project object */;
}
